// !$*UTF8*$!
{
	archiveVersion = 1;
	classes = {
	};
	objectVersion = 56;
	objects = {

/* Begin PBXBuildFile section */
		54D680C628F27DFC00B43C86 /* CoreDataDemoApp.swift in Sources */ = {isa = PBXBuildFile; fileRef = 54D680C528F27DFC00B43C86 /* CoreDataDemoApp.swift */; };
		54D680C828F27DFC00B43C86 /* ContentView.swift in Sources */ = {isa = PBXBuildFile; fileRef = 54D680C728F27DFC00B43C86 /* ContentView.swift */; };
		54D680CA28F27DFD00B43C86 /* Assets.xcassets in Resources */ = {isa = PBXBuildFile; fileRef = 54D680C928F27DFD00B43C86 /* Assets.xcassets */; };
		54D680CD28F27DFD00B43C86 /* Preview Assets.xcassets in Resources */ = {isa = PBXBuildFile; fileRef = 54D680CC28F27DFD00B43C86 /* Preview Assets.xcassets */; };
		54D680CF28F27DFD00B43C86 /* Persistence.swift in Sources */ = {isa = PBXBuildFile; fileRef = 54D680CE28F27DFD00B43C86 /* Persistence.swift */; };
		54D680D228F27DFD00B43C86 /* CoreDataDemo.xcdatamodeld in Sources */ = {isa = PBXBuildFile; fileRef = 54D680D028F27DFD00B43C86 /* CoreDataDemo.xcdatamodeld */; };
		54D680DC28F27DFD00B43C86 /* CoreDataDemoTests.swift in Sources */ = {isa = PBXBuildFile; fileRef = 54D680DB28F27DFD00B43C86 /* CoreDataDemoTests.swift */; };
		54D680E628F27DFD00B43C86 /* CoreDataDemoUITests.swift in Sources */ = {isa = PBXBuildFile; fileRef = 54D680E528F27DFD00B43C86 /* CoreDataDemoUITests.swift */; };
		54D680E828F27DFD00B43C86 /* CoreDataDemoUITestsLaunchTests.swift in Sources */ = {isa = PBXBuildFile; fileRef = 54D680E728F27DFD00B43C86 /* CoreDataDemoUITestsLaunchTests.swift */; };
		54D680F928F27F5500B43C86 /* Country+CoreDataClass.swift in Sources */ = {isa = PBXBuildFile; fileRef = 54D680F528F27F5500B43C86 /* Country+CoreDataClass.swift */; };
		54D680FA28F27F5500B43C86 /* Country+CoreDataProperties.swift in Sources */ = {isa = PBXBuildFile; fileRef = 54D680F628F27F5500B43C86 /* Country+CoreDataProperties.swift */; };
		54D680FB28F27F5500B43C86 /* City+CoreDataClass.swift in Sources */ = {isa = PBXBuildFile; fileRef = 54D680F728F27F5500B43C86 /* City+CoreDataClass.swift */; };
		54D680FC28F27F5500B43C86 /* City+CoreDataProperties.swift in Sources */ = {isa = PBXBuildFile; fileRef = 54D680F828F27F5500B43C86 /* City+CoreDataProperties.swift */; };
		54D680FF28F280ED00B43C86 /* CountryFactory.swift in Sources */ = {isa = PBXBuildFile; fileRef = 54D680FE28F280ED00B43C86 /* CountryFactory.swift */; };
		54D6810128F280FA00B43C86 /* EntityFactory.swift in Sources */ = {isa = PBXBuildFile; fileRef = 54D6810028F280FA00B43C86 /* EntityFactory.swift */; };
		54D6810328F282AF00B43C86 /* CityFactory.swift in Sources */ = {isa = PBXBuildFile; fileRef = 54D6810228F282AF00B43C86 /* CityFactory.swift */; };
		54D6810828F2849600B43C86 /* CityView.swift in Sources */ = {isa = PBXBuildFile; fileRef = 54D6810728F2849600B43C86 /* CityView.swift */; };
		54D6810E28F287BF00B43C86 /* CountryView.swift in Sources */ = {isa = PBXBuildFile; fileRef = 54D6810D28F287BF00B43C86 /* CountryView.swift */; };
		54D6811028F2882F00B43C86 /* CountryListView.swift in Sources */ = {isa = PBXBuildFile; fileRef = 54D6810F28F2882F00B43C86 /* CountryListView.swift */; };
/* End PBXBuildFile section */

/* Begin PBXContainerItemProxy section */
		54D680D828F27DFD00B43C86 /* PBXContainerItemProxy */ = {
			isa = PBXContainerItemProxy;
			containerPortal = 54D680BA28F27DFC00B43C86 /* Project object */;
			proxyType = 1;
			remoteGlobalIDString = 54D680C128F27DFC00B43C86;
			remoteInfo = CoreDataDemo;
		};
		54D680E228F27DFD00B43C86 /* PBXContainerItemProxy */ = {
			isa = PBXContainerItemProxy;
			containerPortal = 54D680BA28F27DFC00B43C86 /* Project object */;
			proxyType = 1;
			remoteGlobalIDString = 54D680C128F27DFC00B43C86;
			remoteInfo = CoreDataDemo;
		};
/* End PBXContainerItemProxy section */

/* Begin PBXFileReference section */
		54D680C228F27DFC00B43C86 /* CoreDataDemo.app */ = {isa = PBXFileReference; explicitFileType = wrapper.application; includeInIndex = 0; path = CoreDataDemo.app; sourceTree = BUILT_PRODUCTS_DIR; };
		54D680C528F27DFC00B43C86 /* CoreDataDemoApp.swift */ = {isa = PBXFileReference; lastKnownFileType = sourcecode.swift; path = CoreDataDemoApp.swift; sourceTree = "<group>"; };
		54D680C728F27DFC00B43C86 /* ContentView.swift */ = {isa = PBXFileReference; lastKnownFileType = sourcecode.swift; path = ContentView.swift; sourceTree = "<group>"; };
		54D680C928F27DFD00B43C86 /* Assets.xcassets */ = {isa = PBXFileReference; lastKnownFileType = folder.assetcatalog; path = Assets.xcassets; sourceTree = "<group>"; };
		54D680CC28F27DFD00B43C86 /* Preview Assets.xcassets */ = {isa = PBXFileReference; lastKnownFileType = folder.assetcatalog; path = "Preview Assets.xcassets"; sourceTree = "<group>"; };
		54D680CE28F27DFD00B43C86 /* Persistence.swift */ = {isa = PBXFileReference; lastKnownFileType = sourcecode.swift; path = Persistence.swift; sourceTree = "<group>"; };
		54D680D128F27DFD00B43C86 /* CoreDataDemo.xcdatamodel */ = {isa = PBXFileReference; lastKnownFileType = wrapper.xcdatamodel; path = CoreDataDemo.xcdatamodel; sourceTree = "<group>"; };
		54D680D728F27DFD00B43C86 /* CoreDataDemoTests.xctest */ = {isa = PBXFileReference; explicitFileType = wrapper.cfbundle; includeInIndex = 0; path = CoreDataDemoTests.xctest; sourceTree = BUILT_PRODUCTS_DIR; };
		54D680DB28F27DFD00B43C86 /* CoreDataDemoTests.swift */ = {isa = PBXFileReference; lastKnownFileType = sourcecode.swift; path = CoreDataDemoTests.swift; sourceTree = "<group>"; };
		54D680E128F27DFD00B43C86 /* CoreDataDemoUITests.xctest */ = {isa = PBXFileReference; explicitFileType = wrapper.cfbundle; includeInIndex = 0; path = CoreDataDemoUITests.xctest; sourceTree = BUILT_PRODUCTS_DIR; };
		54D680E528F27DFD00B43C86 /* CoreDataDemoUITests.swift */ = {isa = PBXFileReference; lastKnownFileType = sourcecode.swift; path = CoreDataDemoUITests.swift; sourceTree = "<group>"; };
		54D680E728F27DFD00B43C86 /* CoreDataDemoUITestsLaunchTests.swift */ = {isa = PBXFileReference; lastKnownFileType = sourcecode.swift; path = CoreDataDemoUITestsLaunchTests.swift; sourceTree = "<group>"; };
		54D680F528F27F5500B43C86 /* Country+CoreDataClass.swift */ = {isa = PBXFileReference; lastKnownFileType = sourcecode.swift; path = "Country+CoreDataClass.swift"; sourceTree = "<group>"; };
		54D680F628F27F5500B43C86 /* Country+CoreDataProperties.swift */ = {isa = PBXFileReference; lastKnownFileType = sourcecode.swift; path = "Country+CoreDataProperties.swift"; sourceTree = "<group>"; };
		54D680F728F27F5500B43C86 /* City+CoreDataClass.swift */ = {isa = PBXFileReference; lastKnownFileType = sourcecode.swift; path = "City+CoreDataClass.swift"; sourceTree = "<group>"; };
		54D680F828F27F5500B43C86 /* City+CoreDataProperties.swift */ = {isa = PBXFileReference; lastKnownFileType = sourcecode.swift; path = "City+CoreDataProperties.swift"; sourceTree = "<group>"; };
		54D680FE28F280ED00B43C86 /* CountryFactory.swift */ = {isa = PBXFileReference; lastKnownFileType = sourcecode.swift; path = CountryFactory.swift; sourceTree = "<group>"; };
		54D6810028F280FA00B43C86 /* EntityFactory.swift */ = {isa = PBXFileReference; lastKnownFileType = sourcecode.swift; path = EntityFactory.swift; sourceTree = "<group>"; };
		54D6810228F282AF00B43C86 /* CityFactory.swift */ = {isa = PBXFileReference; lastKnownFileType = sourcecode.swift; path = CityFactory.swift; sourceTree = "<group>"; };
		54D6810728F2849600B43C86 /* CityView.swift */ = {isa = PBXFileReference; lastKnownFileType = sourcecode.swift; path = CityView.swift; sourceTree = "<group>"; };
		54D6810D28F287BF00B43C86 /* CountryView.swift */ = {isa = PBXFileReference; lastKnownFileType = sourcecode.swift; path = CountryView.swift; sourceTree = "<group>"; };
		54D6810F28F2882F00B43C86 /* CountryListView.swift */ = {isa = PBXFileReference; lastKnownFileType = sourcecode.swift; path = CountryListView.swift; sourceTree = "<group>"; };
/* End PBXFileReference section */

/* Begin PBXFrameworksBuildPhase section */
		54D680BF28F27DFC00B43C86 /* Frameworks */ = {
			isa = PBXFrameworksBuildPhase;
			buildActionMask = 2147483647;
			files = (
			);
			runOnlyForDeploymentPostprocessing = 0;
		};
		54D680D428F27DFD00B43C86 /* Frameworks */ = {
			isa = PBXFrameworksBuildPhase;
			buildActionMask = 2147483647;
			files = (
			);
			runOnlyForDeploymentPostprocessing = 0;
		};
		54D680DE28F27DFD00B43C86 /* Frameworks */ = {
			isa = PBXFrameworksBuildPhase;
			buildActionMask = 2147483647;
			files = (
			);
			runOnlyForDeploymentPostprocessing = 0;
		};
/* End PBXFrameworksBuildPhase section */

/* Begin PBXGroup section */
		54D680B928F27DFC00B43C86 = {
			isa = PBXGroup;
			children = (
				54D680C428F27DFC00B43C86 /* CoreDataDemo */,
				54D680DA28F27DFD00B43C86 /* CoreDataDemoTests */,
				54D680E428F27DFD00B43C86 /* CoreDataDemoUITests */,
				54D680C328F27DFC00B43C86 /* Products */,
			);
			sourceTree = "<group>";
		};
		54D680C328F27DFC00B43C86 /* Products */ = {
			isa = PBXGroup;
			children = (
				54D680C228F27DFC00B43C86 /* CoreDataDemo.app */,
				54D680D728F27DFD00B43C86 /* CoreDataDemoTests.xctest */,
				54D680E128F27DFD00B43C86 /* CoreDataDemoUITests.xctest */,
			);
			name = Products;
			sourceTree = "<group>";
		};
		54D680C428F27DFC00B43C86 /* CoreDataDemo */ = {
			isa = PBXGroup;
			children = (
				54D6810528F2847A00B43C86 /* Views */,
				54D680F428F27F3500B43C86 /* Model */,
				54D680C528F27DFC00B43C86 /* CoreDataDemoApp.swift */,
				54D680C928F27DFD00B43C86 /* Assets.xcassets */,
				54D680CE28F27DFD00B43C86 /* Persistence.swift */,
				54D680D028F27DFD00B43C86 /* CoreDataDemo.xcdatamodeld */,
				54D680CB28F27DFD00B43C86 /* Preview Content */,
			);
			path = CoreDataDemo;
			sourceTree = "<group>";
		};
		54D680CB28F27DFD00B43C86 /* Preview Content */ = {
			isa = PBXGroup;
			children = (
				54D680CC28F27DFD00B43C86 /* Preview Assets.xcassets */,
			);
			path = "Preview Content";
			sourceTree = "<group>";
		};
		54D680DA28F27DFD00B43C86 /* CoreDataDemoTests */ = {
			isa = PBXGroup;
			children = (
				54D680DB28F27DFD00B43C86 /* CoreDataDemoTests.swift */,
			);
			path = CoreDataDemoTests;
			sourceTree = "<group>";
		};
		54D680E428F27DFD00B43C86 /* CoreDataDemoUITests */ = {
			isa = PBXGroup;
			children = (
				54D680E528F27DFD00B43C86 /* CoreDataDemoUITests.swift */,
				54D680E728F27DFD00B43C86 /* CoreDataDemoUITestsLaunchTests.swift */,
			);
			path = CoreDataDemoUITests;
			sourceTree = "<group>";
		};
		54D680F428F27F3500B43C86 /* Model */ = {
			isa = PBXGroup;
			children = (
				54D6810428F2846D00B43C86 /* Entities */,
				54D680FD28F280DA00B43C86 /* Factories */,
			);
			path = Model;
			sourceTree = "<group>";
		};
		54D680FD28F280DA00B43C86 /* Factories */ = {
			isa = PBXGroup;
			children = (
				54D680FE28F280ED00B43C86 /* CountryFactory.swift */,
				54D6810028F280FA00B43C86 /* EntityFactory.swift */,
				54D6810228F282AF00B43C86 /* CityFactory.swift */,
			);
			path = Factories;
			sourceTree = "<group>";
		};
		54D6810428F2846D00B43C86 /* Entities */ = {
			isa = PBXGroup;
			children = (
				54D680F528F27F5500B43C86 /* Country+CoreDataClass.swift */,
				54D680F628F27F5500B43C86 /* Country+CoreDataProperties.swift */,
				54D680F728F27F5500B43C86 /* City+CoreDataClass.swift */,
				54D680F828F27F5500B43C86 /* City+CoreDataProperties.swift */,
			);
			path = Entities;
			sourceTree = "<group>";
		};
		54D6810528F2847A00B43C86 /* Views */ = {
			isa = PBXGroup;
			children = (
				54D6810628F2848400B43C86 /* Entities */,
				54D680C728F27DFC00B43C86 /* ContentView.swift */,
			);
			path = Views;
			sourceTree = "<group>";
		};
		54D6810628F2848400B43C86 /* Entities */ = {
			isa = PBXGroup;
			children = (
				54D6810728F2849600B43C86 /* CityView.swift */,
				54D6810D28F287BF00B43C86 /* CountryView.swift */,
				54D6810F28F2882F00B43C86 /* CountryListView.swift */,
			);
			path = Entities;
			sourceTree = "<group>";
		};
/* End PBXGroup section */

/* Begin PBXNativeTarget section */
		54D680C128F27DFC00B43C86 /* CoreDataDemo */ = {
			isa = PBXNativeTarget;
			buildConfigurationList = 54D680EB28F27DFD00B43C86 /* Build configuration list for PBXNativeTarget "CoreDataDemo" */;
			buildPhases = (
				54D680BE28F27DFC00B43C86 /* Sources */,
				54D680BF28F27DFC00B43C86 /* Frameworks */,
				54D680C028F27DFC00B43C86 /* Resources */,
			);
			buildRules = (
			);
			dependencies = (
			);
			name = CoreDataDemo;
			productName = CoreDataDemo;
			productReference = 54D680C228F27DFC00B43C86 /* CoreDataDemo.app */;
			productType = "com.apple.product-type.application";
		};
		54D680D628F27DFD00B43C86 /* CoreDataDemoTests */ = {
			isa = PBXNativeTarget;
			buildConfigurationList = 54D680EE28F27DFD00B43C86 /* Build configuration list for PBXNativeTarget "CoreDataDemoTests" */;
			buildPhases = (
				54D680D328F27DFD00B43C86 /* Sources */,
				54D680D428F27DFD00B43C86 /* Frameworks */,
				54D680D528F27DFD00B43C86 /* Resources */,
			);
			buildRules = (
			);
			dependencies = (
				54D680D928F27DFD00B43C86 /* PBXTargetDependency */,
			);
			name = CoreDataDemoTests;
			productName = CoreDataDemoTests;
			productReference = 54D680D728F27DFD00B43C86 /* CoreDataDemoTests.xctest */;
			productType = "com.apple.product-type.bundle.unit-test";
		};
		54D680E028F27DFD00B43C86 /* CoreDataDemoUITests */ = {
			isa = PBXNativeTarget;
			buildConfigurationList = 54D680F128F27DFD00B43C86 /* Build configuration list for PBXNativeTarget "CoreDataDemoUITests" */;
			buildPhases = (
				54D680DD28F27DFD00B43C86 /* Sources */,
				54D680DE28F27DFD00B43C86 /* Frameworks */,
				54D680DF28F27DFD00B43C86 /* Resources */,
			);
			buildRules = (
			);
			dependencies = (
				54D680E328F27DFD00B43C86 /* PBXTargetDependency */,
			);
			name = CoreDataDemoUITests;
			productName = CoreDataDemoUITests;
			productReference = 54D680E128F27DFD00B43C86 /* CoreDataDemoUITests.xctest */;
			productType = "com.apple.product-type.bundle.ui-testing";
		};
/* End PBXNativeTarget section */

/* Begin PBXProject section */
		54D680BA28F27DFC00B43C86 /* Project object */ = {
			isa = PBXProject;
			attributes = {
				BuildIndependentTargetsInParallel = 1;
				LastSwiftUpdateCheck = 1400;
				LastUpgradeCheck = 1400;
				TargetAttributes = {
					54D680C128F27DFC00B43C86 = {
						CreatedOnToolsVersion = 14.0.1;
					};
					54D680D628F27DFD00B43C86 = {
						CreatedOnToolsVersion = 14.0.1;
						TestTargetID = 54D680C128F27DFC00B43C86;
					};
					54D680E028F27DFD00B43C86 = {
						CreatedOnToolsVersion = 14.0.1;
						TestTargetID = 54D680C128F27DFC00B43C86;
					};
				};
			};
			buildConfigurationList = 54D680BD28F27DFC00B43C86 /* Build configuration list for PBXProject "CoreDataDemo" */;
			compatibilityVersion = "Xcode 14.0";
			developmentRegion = en;
			hasScannedForEncodings = 0;
			knownRegions = (
				en,
				Base,
			);
			mainGroup = 54D680B928F27DFC00B43C86;
			productRefGroup = 54D680C328F27DFC00B43C86 /* Products */;
			projectDirPath = "";
			projectRoot = "";
			targets = (
				54D680C128F27DFC00B43C86 /* CoreDataDemo */,
				54D680D628F27DFD00B43C86 /* CoreDataDemoTests */,
				54D680E028F27DFD00B43C86 /* CoreDataDemoUITests */,
			);
		};
/* End PBXProject section */

/* Begin PBXResourcesBuildPhase section */
		54D680C028F27DFC00B43C86 /* Resources */ = {
			isa = PBXResourcesBuildPhase;
			buildActionMask = 2147483647;
			files = (
				54D680CD28F27DFD00B43C86 /* Preview Assets.xcassets in Resources */,
				54D680CA28F27DFD00B43C86 /* Assets.xcassets in Resources */,
			);
			runOnlyForDeploymentPostprocessing = 0;
		};
		54D680D528F27DFD00B43C86 /* Resources */ = {
			isa = PBXResourcesBuildPhase;
			buildActionMask = 2147483647;
			files = (
			);
			runOnlyForDeploymentPostprocessing = 0;
		};
		54D680DF28F27DFD00B43C86 /* Resources */ = {
			isa = PBXResourcesBuildPhase;
			buildActionMask = 2147483647;
			files = (
			);
			runOnlyForDeploymentPostprocessing = 0;
		};
/* End PBXResourcesBuildPhase section */

/* Begin PBXSourcesBuildPhase section */
		54D680BE28F27DFC00B43C86 /* Sources */ = {
			isa = PBXSourcesBuildPhase;
			buildActionMask = 2147483647;
			files = (
				54D680CF28F27DFD00B43C86 /* Persistence.swift in Sources */,
				54D6810828F2849600B43C86 /* CityView.swift in Sources */,
				54D680D228F27DFD00B43C86 /* CoreDataDemo.xcdatamodeld in Sources */,
				54D680FA28F27F5500B43C86 /* Country+CoreDataProperties.swift in Sources */,
				54D6811028F2882F00B43C86 /* CountryListView.swift in Sources */,
				54D6810E28F287BF00B43C86 /* CountryView.swift in Sources */,
				54D680C828F27DFC00B43C86 /* ContentView.swift in Sources */,
				54D680FC28F27F5500B43C86 /* City+CoreDataProperties.swift in Sources */,
				54D6810128F280FA00B43C86 /* EntityFactory.swift in Sources */,
				54D680F928F27F5500B43C86 /* Country+CoreDataClass.swift in Sources */,
				54D680FB28F27F5500B43C86 /* City+CoreDataClass.swift in Sources */,
				54D680C628F27DFC00B43C86 /* CoreDataDemoApp.swift in Sources */,
				54D680FF28F280ED00B43C86 /* CountryFactory.swift in Sources */,
				54D6810328F282AF00B43C86 /* CityFactory.swift in Sources */,
			);
			runOnlyForDeploymentPostprocessing = 0;
		};
		54D680D328F27DFD00B43C86 /* Sources */ = {
			isa = PBXSourcesBuildPhase;
			buildActionMask = 2147483647;
			files = (
				54D680DC28F27DFD00B43C86 /* CoreDataDemoTests.swift in Sources */,
			);
			runOnlyForDeploymentPostprocessing = 0;
		};
		54D680DD28F27DFD00B43C86 /* Sources */ = {
			isa = PBXSourcesBuildPhase;
			buildActionMask = 2147483647;
			files = (
				54D680E828F27DFD00B43C86 /* CoreDataDemoUITestsLaunchTests.swift in Sources */,
				54D680E628F27DFD00B43C86 /* CoreDataDemoUITests.swift in Sources */,
			);
			runOnlyForDeploymentPostprocessing = 0;
		};
/* End PBXSourcesBuildPhase section */

/* Begin PBXTargetDependency section */
		54D680D928F27DFD00B43C86 /* PBXTargetDependency */ = {
			isa = PBXTargetDependency;
			target = 54D680C128F27DFC00B43C86 /* CoreDataDemo */;
			targetProxy = 54D680D828F27DFD00B43C86 /* PBXContainerItemProxy */;
		};
		54D680E328F27DFD00B43C86 /* PBXTargetDependency */ = {
			isa = PBXTargetDependency;
			target = 54D680C128F27DFC00B43C86 /* CoreDataDemo */;
			targetProxy = 54D680E228F27DFD00B43C86 /* PBXContainerItemProxy */;
		};
/* End PBXTargetDependency section */

/* Begin XCBuildConfiguration section */
		54D680E928F27DFD00B43C86 /* Debug */ = {
			isa = XCBuildConfiguration;
			buildSettings = {
				ALWAYS_SEARCH_USER_PATHS = NO;
				CLANG_ANALYZER_NONNULL = YES;
				CLANG_ANALYZER_NUMBER_OBJECT_CONVERSION = YES_AGGRESSIVE;
				CLANG_CXX_LANGUAGE_STANDARD = "gnu++20";
				CLANG_ENABLE_MODULES = YES;
				CLANG_ENABLE_OBJC_ARC = YES;
				CLANG_ENABLE_OBJC_WEAK = YES;
				CLANG_WARN_BLOCK_CAPTURE_AUTORELEASING = YES;
				CLANG_WARN_BOOL_CONVERSION = YES;
				CLANG_WARN_COMMA = YES;
				CLANG_WARN_CONSTANT_CONVERSION = YES;
				CLANG_WARN_DEPRECATED_OBJC_IMPLEMENTATIONS = YES;
				CLANG_WARN_DIRECT_OBJC_ISA_USAGE = YES_ERROR;
				CLANG_WARN_DOCUMENTATION_COMMENTS = YES;
				CLANG_WARN_EMPTY_BODY = YES;
				CLANG_WARN_ENUM_CONVERSION = YES;
				CLANG_WARN_INFINITE_RECURSION = YES;
				CLANG_WARN_INT_CONVERSION = YES;
				CLANG_WARN_NON_LITERAL_NULL_CONVERSION = YES;
				CLANG_WARN_OBJC_IMPLICIT_RETAIN_SELF = YES;
				CLANG_WARN_OBJC_LITERAL_CONVERSION = YES;
				CLANG_WARN_OBJC_ROOT_CLASS = YES_ERROR;
				CLANG_WARN_QUOTED_INCLUDE_IN_FRAMEWORK_HEADER = YES;
				CLANG_WARN_RANGE_LOOP_ANALYSIS = YES;
				CLANG_WARN_STRICT_PROTOTYPES = YES;
				CLANG_WARN_SUSPICIOUS_MOVE = YES;
				CLANG_WARN_UNGUARDED_AVAILABILITY = YES_AGGRESSIVE;
				CLANG_WARN_UNREACHABLE_CODE = YES;
				CLANG_WARN__DUPLICATE_METHOD_MATCH = YES;
				COPY_PHASE_STRIP = NO;
				DEBUG_INFORMATION_FORMAT = dwarf;
				ENABLE_STRICT_OBJC_MSGSEND = YES;
				ENABLE_TESTABILITY = YES;
				GCC_C_LANGUAGE_STANDARD = gnu11;
				GCC_DYNAMIC_NO_PIC = NO;
				GCC_NO_COMMON_BLOCKS = YES;
				GCC_OPTIMIZATION_LEVEL = 0;
				GCC_PREPROCESSOR_DEFINITIONS = (
					"DEBUG=1",
					"$(inherited)",
				);
				GCC_WARN_64_TO_32_BIT_CONVERSION = YES;
				GCC_WARN_ABOUT_RETURN_TYPE = YES_ERROR;
				GCC_WARN_UNDECLARED_SELECTOR = YES;
				GCC_WARN_UNINITIALIZED_AUTOS = YES_AGGRESSIVE;
				GCC_WARN_UNUSED_FUNCTION = YES;
				GCC_WARN_UNUSED_VARIABLE = YES;
				IPHONEOS_DEPLOYMENT_TARGET = 16.0;
				MTL_ENABLE_DEBUG_INFO = INCLUDE_SOURCE;
				MTL_FAST_MATH = YES;
				ONLY_ACTIVE_ARCH = YES;
				SDKROOT = iphoneos;
				SWIFT_ACTIVE_COMPILATION_CONDITIONS = DEBUG;
				SWIFT_OPTIMIZATION_LEVEL = "-Onone";
			};
			name = Debug;
		};
		54D680EA28F27DFD00B43C86 /* Release */ = {
			isa = XCBuildConfiguration;
			buildSettings = {
				ALWAYS_SEARCH_USER_PATHS = NO;
				CLANG_ANALYZER_NONNULL = YES;
				CLANG_ANALYZER_NUMBER_OBJECT_CONVERSION = YES_AGGRESSIVE;
				CLANG_CXX_LANGUAGE_STANDARD = "gnu++20";
				CLANG_ENABLE_MODULES = YES;
				CLANG_ENABLE_OBJC_ARC = YES;
				CLANG_ENABLE_OBJC_WEAK = YES;
				CLANG_WARN_BLOCK_CAPTURE_AUTORELEASING = YES;
				CLANG_WARN_BOOL_CONVERSION = YES;
				CLANG_WARN_COMMA = YES;
				CLANG_WARN_CONSTANT_CONVERSION = YES;
				CLANG_WARN_DEPRECATED_OBJC_IMPLEMENTATIONS = YES;
				CLANG_WARN_DIRECT_OBJC_ISA_USAGE = YES_ERROR;
				CLANG_WARN_DOCUMENTATION_COMMENTS = YES;
				CLANG_WARN_EMPTY_BODY = YES;
				CLANG_WARN_ENUM_CONVERSION = YES;
				CLANG_WARN_INFINITE_RECURSION = YES;
				CLANG_WARN_INT_CONVERSION = YES;
				CLANG_WARN_NON_LITERAL_NULL_CONVERSION = YES;
				CLANG_WARN_OBJC_IMPLICIT_RETAIN_SELF = YES;
				CLANG_WARN_OBJC_LITERAL_CONVERSION = YES;
				CLANG_WARN_OBJC_ROOT_CLASS = YES_ERROR;
				CLANG_WARN_QUOTED_INCLUDE_IN_FRAMEWORK_HEADER = YES;
				CLANG_WARN_RANGE_LOOP_ANALYSIS = YES;
				CLANG_WARN_STRICT_PROTOTYPES = YES;
				CLANG_WARN_SUSPICIOUS_MOVE = YES;
				CLANG_WARN_UNGUARDED_AVAILABILITY = YES_AGGRESSIVE;
				CLANG_WARN_UNREACHABLE_CODE = YES;
				CLANG_WARN__DUPLICATE_METHOD_MATCH = YES;
				COPY_PHASE_STRIP = NO;
				DEBUG_INFORMATION_FORMAT = "dwarf-with-dsym";
				ENABLE_NS_ASSERTIONS = NO;
				ENABLE_STRICT_OBJC_MSGSEND = YES;
				GCC_C_LANGUAGE_STANDARD = gnu11;
				GCC_NO_COMMON_BLOCKS = YES;
				GCC_WARN_64_TO_32_BIT_CONVERSION = YES;
				GCC_WARN_ABOUT_RETURN_TYPE = YES_ERROR;
				GCC_WARN_UNDECLARED_SELECTOR = YES;
				GCC_WARN_UNINITIALIZED_AUTOS = YES_AGGRESSIVE;
				GCC_WARN_UNUSED_FUNCTION = YES;
				GCC_WARN_UNUSED_VARIABLE = YES;
				IPHONEOS_DEPLOYMENT_TARGET = 16.0;
				MTL_ENABLE_DEBUG_INFO = NO;
				MTL_FAST_MATH = YES;
				SDKROOT = iphoneos;
				SWIFT_COMPILATION_MODE = wholemodule;
				SWIFT_OPTIMIZATION_LEVEL = "-O";
				VALIDATE_PRODUCT = YES;
			};
			name = Release;
		};
		54D680EC28F27DFD00B43C86 /* Debug */ = {
			isa = XCBuildConfiguration;
			buildSettings = {
				ASSETCATALOG_COMPILER_APPICON_NAME = AppIcon;
				ASSETCATALOG_COMPILER_GLOBAL_ACCENT_COLOR_NAME = AccentColor;
				CODE_SIGN_STYLE = Automatic;
				CURRENT_PROJECT_VERSION = 1;
				DEVELOPMENT_ASSET_PATHS = "\"CoreDataDemo/Preview Content\"";
				DEVELOPMENT_TEAM = ZTF477US4D;
				ENABLE_PREVIEWS = YES;
				GENERATE_INFOPLIST_FILE = YES;
				INFOPLIST_KEY_UIApplicationSceneManifest_Generation = YES;
				INFOPLIST_KEY_UIApplicationSupportsIndirectInputEvents = YES;
				INFOPLIST_KEY_UILaunchScreen_Generation = YES;
				INFOPLIST_KEY_UISupportedInterfaceOrientations_iPad = "UIInterfaceOrientationPortrait UIInterfaceOrientationPortraitUpsideDown UIInterfaceOrientationLandscapeLeft UIInterfaceOrientationLandscapeRight";
				INFOPLIST_KEY_UISupportedInterfaceOrientations_iPhone = "UIInterfaceOrientationPortrait UIInterfaceOrientationLandscapeLeft UIInterfaceOrientationLandscapeRight";
				LD_RUNPATH_SEARCH_PATHS = (
					"$(inherited)",
					"@executable_path/Frameworks",
				);
				MARKETING_VERSION = 1.0;
				PRODUCT_BUNDLE_IDENTIFIER = "de.h-mayer.CoreDataDemo";
				PRODUCT_NAME = "$(TARGET_NAME)";
				SWIFT_EMIT_LOC_STRINGS = YES;
				SWIFT_VERSION = 5.0;
				TARGETED_DEVICE_FAMILY = "1,2";
			};
			name = Debug;
		};
		54D680ED28F27DFD00B43C86 /* Release */ = {
			isa = XCBuildConfiguration;
			buildSettings = {
				ASSETCATALOG_COMPILER_APPICON_NAME = AppIcon;
				ASSETCATALOG_COMPILER_GLOBAL_ACCENT_COLOR_NAME = AccentColor;
				CODE_SIGN_STYLE = Automatic;
				CURRENT_PROJECT_VERSION = 1;
				DEVELOPMENT_ASSET_PATHS = "\"CoreDataDemo/Preview Content\"";
				DEVELOPMENT_TEAM = ZTF477US4D;
				ENABLE_PREVIEWS = YES;
				GENERATE_INFOPLIST_FILE = YES;
				INFOPLIST_KEY_UIApplicationSceneManifest_Generation = YES;
				INFOPLIST_KEY_UIApplicationSupportsIndirectInputEvents = YES;
				INFOPLIST_KEY_UILaunchScreen_Generation = YES;
				INFOPLIST_KEY_UISupportedInterfaceOrientations_iPad = "UIInterfaceOrientationPortrait UIInterfaceOrientationPortraitUpsideDown UIInterfaceOrientationLandscapeLeft UIInterfaceOrientationLandscapeRight";
				INFOPLIST_KEY_UISupportedInterfaceOrientations_iPhone = "UIInterfaceOrientationPortrait UIInterfaceOrientationLandscapeLeft UIInterfaceOrientationLandscapeRight";
				LD_RUNPATH_SEARCH_PATHS = (
					"$(inherited)",
					"@executable_path/Frameworks",
				);
				MARKETING_VERSION = 1.0;
				PRODUCT_BUNDLE_IDENTIFIER = "de.h-mayer.CoreDataDemo";
				PRODUCT_NAME = "$(TARGET_NAME)";
				SWIFT_EMIT_LOC_STRINGS = YES;
				SWIFT_VERSION = 5.0;
				TARGETED_DEVICE_FAMILY = "1,2";
			};
			name = Release;
		};
		54D680EF28F27DFD00B43C86 /* Debug */ = {
			isa = XCBuildConfiguration;
			buildSettings = {
				ALWAYS_EMBED_SWIFT_STANDARD_LIBRARIES = YES;
				BUNDLE_LOADER = "$(TEST_HOST)";
				CODE_SIGN_STYLE = Automatic;
				CURRENT_PROJECT_VERSION = 1;
				DEVELOPMENT_TEAM = ZTF477US4D;
				GENERATE_INFOPLIST_FILE = YES;
				IPHONEOS_DEPLOYMENT_TARGET = 16.0;
				MARKETING_VERSION = 1.0;
				PRODUCT_BUNDLE_IDENTIFIER = "de.h-mayer.CoreDataDemoTests";
				PRODUCT_NAME = "$(TARGET_NAME)";
				SWIFT_EMIT_LOC_STRINGS = NO;
				SWIFT_VERSION = 5.0;
				TARGETED_DEVICE_FAMILY = "1,2";
				TEST_HOST = "$(BUILT_PRODUCTS_DIR)/CoreDataDemo.app/$(BUNDLE_EXECUTABLE_FOLDER_PATH)/CoreDataDemo";
			};
			name = Debug;
		};
		54D680F028F27DFD00B43C86 /* Release */ = {
			isa = XCBuildConfiguration;
			buildSettings = {
				ALWAYS_EMBED_SWIFT_STANDARD_LIBRARIES = YES;
				BUNDLE_LOADER = "$(TEST_HOST)";
				CODE_SIGN_STYLE = Automatic;
				CURRENT_PROJECT_VERSION = 1;
				DEVELOPMENT_TEAM = ZTF477US4D;
				GENERATE_INFOPLIST_FILE = YES;
				IPHONEOS_DEPLOYMENT_TARGET = 16.0;
				MARKETING_VERSION = 1.0;
				PRODUCT_BUNDLE_IDENTIFIER = "de.h-mayer.CoreDataDemoTests";
				PRODUCT_NAME = "$(TARGET_NAME)";
				SWIFT_EMIT_LOC_STRINGS = NO;
				SWIFT_VERSION = 5.0;
				TARGETED_DEVICE_FAMILY = "1,2";
				TEST_HOST = "$(BUILT_PRODUCTS_DIR)/CoreDataDemo.app/$(BUNDLE_EXECUTABLE_FOLDER_PATH)/CoreDataDemo";
			};
			name = Release;
		};
		54D680F228F27DFD00B43C86 /* Debug */ = {
			isa = XCBuildConfiguration;
			buildSettings = {
				ALWAYS_EMBED_SWIFT_STANDARD_LIBRARIES = YES;
				CODE_SIGN_STYLE = Automatic;
				CURRENT_PROJECT_VERSION = 1;
				DEVELOPMENT_TEAM = ZTF477US4D;
				GENERATE_INFOPLIST_FILE = YES;
				MARKETING_VERSION = 1.0;
				PRODUCT_BUNDLE_IDENTIFIER = "de.h-mayer.CoreDataDemoUITests";
				PRODUCT_NAME = "$(TARGET_NAME)";
				SWIFT_EMIT_LOC_STRINGS = NO;
				SWIFT_VERSION = 5.0;
				TARGETED_DEVICE_FAMILY = "1,2";
				TEST_TARGET_NAME = CoreDataDemo;
			};
			name = Debug;
		};
		54D680F328F27DFD00B43C86 /* Release */ = {
			isa = XCBuildConfiguration;
			buildSettings = {
				ALWAYS_EMBED_SWIFT_STANDARD_LIBRARIES = YES;
				CODE_SIGN_STYLE = Automatic;
				CURRENT_PROJECT_VERSION = 1;
				DEVELOPMENT_TEAM = ZTF477US4D;
				GENERATE_INFOPLIST_FILE = YES;
				MARKETING_VERSION = 1.0;
				PRODUCT_BUNDLE_IDENTIFIER = "de.h-mayer.CoreDataDemoUITests";
				PRODUCT_NAME = "$(TARGET_NAME)";
				SWIFT_EMIT_LOC_STRINGS = NO;
				SWIFT_VERSION = 5.0;
				TARGETED_DEVICE_FAMILY = "1,2";
				TEST_TARGET_NAME = CoreDataDemo;
			};
			name = Release;
		};
/* End XCBuildConfiguration section */

/* Begin XCConfigurationList section */
		54D680BD28F27DFC00B43C86 /* Build configuration list for PBXProject "CoreDataDemo" */ = {
			isa = XCConfigurationList;
			buildConfigurations = (
				54D680E928F27DFD00B43C86 /* Debug */,
				54D680EA28F27DFD00B43C86 /* Release */,
			);
			defaultConfigurationIsVisible = 0;
			defaultConfigurationName = Release;
		};
		54D680EB28F27DFD00B43C86 /* Build configuration list for PBXNativeTarget "CoreDataDemo" */ = {
			isa = XCConfigurationList;
			buildConfigurations = (
				54D680EC28F27DFD00B43C86 /* Debug */,
				54D680ED28F27DFD00B43C86 /* Release */,
			);
			defaultConfigurationIsVisible = 0;
			defaultConfigurationName = Release;
		};
		54D680EE28F27DFD00B43C86 /* Build configuration list for PBXNativeTarget "CoreDataDemoTests" */ = {
			isa = XCConfigurationList;
			buildConfigurations = (
				54D680EF28F27DFD00B43C86 /* Debug */,
				54D680F028F27DFD00B43C86 /* Release */,
			);
			defaultConfigurationIsVisible = 0;
			defaultConfigurationName = Release;
		};
		54D680F128F27DFD00B43C86 /* Build configuration list for PBXNativeTarget "CoreDataDemoUITests" */ = {
			isa = XCConfigurationList;
			buildConfigurations = (
				54D680F228F27DFD00B43C86 /* Debug */,
				54D680F328F27DFD00B43C86 /* Release */,
			);
			defaultConfigurationIsVisible = 0;
			defaultConfigurationName = Release;
		};
/* End XCConfigurationList section */

/* Begin XCVersionGroup section */
		54D680D028F27DFD00B43C86 /* CoreDataDemo.xcdatamodeld */ = {
			isa = XCVersionGroup;
			children = (
				54D680D128F27DFD00B43C86 /* CoreDataDemo.xcdatamodel */,
			);
			currentVersion = 54D680D128F27DFD00B43C86 /* CoreDataDemo.xcdatamodel */;
			path = CoreDataDemo.xcdatamodeld;
			sourceTree = "<group>";
			versionGroupType = wrapper.xcdatamodel;
		};
/* End XCVersionGroup section */
	};
	rootObject = 54D680BA28F27DFC00B43C86 /* Project object */;
}
